{
    "version": 3,
    "terraform_version": "0.11.7",
    "serial": 3,
    "lineage": "1ac749a1-449e-f4ad-43bd-2de828041208",
    "modules": [
        {
            "path": [
                "root"
            ],
            "outputs": {},
            "resources": {
                "google_sql_database_instance.europe": {
                    "type": "google_sql_database_instance",
                    "depends_on": [],
                    "primary": {
                        "id": "automcomplete-europe",
                        "attributes": {
                            "connection_name": "numeric-camp-205505:europe-west1:automcomplete-europe",
                            "database_version": "POSTGRES_9_6",
                            "first_ip_address": "35.205.50.48",
                            "id": "automcomplete-europe",
                            "ip_address.#": "1",
                            "ip_address.0.ip_address": "35.205.50.48",
                            "ip_address.0.time_to_retire": "",
                            "master_instance_name": "",
                            "name": "automcomplete-europe",
                            "project": "numeric-camp-205505",
                            "region": "europe-west1",
                            "replica_configuration.#": "0",
                            "self_link": "https://www.googleapis.com/sql/v1beta4/projects/numeric-camp-205505/instances/automcomplete-europe",
                            "server_ca_cert.#": "1",
                            "server_ca_cert.0.cert": "-----BEGIN CERTIFICATE-----\nMIIDITCCAgmgAwIBAgIBADANBgkqhkiG9w0BAQsFADBIMSMwIQYDVQQDExpHb29n\nbGUgQ2xvdWQgU1FMIFNlcnZlciBDQTEUMBIGA1UEChMLR29vZ2xlLCBJbmMxCzAJ\nBgNVBAYTAlVTMB4XDTE4MDUyODE5MjkzNloXDTI4MDUyNTE5MzAzNlowSDEjMCEG\nA1UEAxMaR29vZ2xlIENsb3VkIFNRTCBTZXJ2ZXIgQ0ExFDASBgNVBAoTC0dvb2ds\nZSwgSW5jMQswCQYDVQQGEwJVUzCCASIwDQYJKoZIhvcNAQEBBQADggEPADCCAQoC\nggEBAKnqzvtcDn8VwHjuCwyWl0HxUtNjOBTYi9ystH9RuG5HbD5URNN99LYXpqpM\nYzgSeAu6fJRVAy8P5/Ex+EcquYDc66cSnmMp45Q+tDuqOOCd646CZpDlgpWGyvrO\ne8PW5+d9uVIt8trkQ1dZobKLc5VWkRhM3xjEpOhOrCqAnkAeAIyedT6N4LEnJfys\nI7OP8YZTjQEYIXOqoLKAWKbdkZj1iEBdEUKkfNxg8Qln3w20jrdTLk05vmkoZiK5\nO2fmQ2B6V+8SKakcfklMMdOZS9D6v+kwXNeUz+EWFeb35Pr567VrzSwiChvY1NYY\nIydO1I+b0OI/tbhmuC4wG3Y8dbcCAwEAAaMWMBQwEgYDVR0TAQH/BAgwBgEB/wIB\nADANBgkqhkiG9w0BAQsFAAOCAQEAcutgBz+7/OIwqByXwAYccmYjt4WsSS/kECbQ\ndczsR0YdBxc3Nm+2D67t9t6LZYkBmyUFSGSUaI1FmXcKG3s71pb6g671KGiXOvZo\n7awB0K1+vFwFaSjgUp+hoWECxVya3J+FUe4wo/vkIsxl6+LeppxTM4TjZuLzLLZ6\n79Vhe1VvVjbytH2smoM/3yyAE2V839igAginwBeejhe7PandokN0ShYF9LoGrqJL\nFziClEobwZdtYi5SoyNt8TbHtsdAEYECtDzX+tmb/cKErNjtXxTvF7bjvq1vhGOQ\ncWwg2eMbtmsxi23IJVeMMRgu8/7SpMxGh0irlv50I4uWM0AHaQ==\n-----END CERTIFICATE-----",
                            "server_ca_cert.0.common_name": "C=US,O=Google\\, Inc,CN=Google Cloud SQL Server CA",
                            "server_ca_cert.0.create_time": "2018-05-28T19:29:36.085Z",
                            "server_ca_cert.0.expiration_time": "2028-05-25T19:30:36.085Z",
                            "server_ca_cert.0.sha1_fingerprint": "4aecf7ecab8d41035eb58342547dd11f3775b22d",
                            "settings.#": "1",
                            "settings.0.activation_policy": "ALWAYS",
                            "settings.0.authorized_gae_applications.#": "0",
                            "settings.0.availability_type": "",
                            "settings.0.backup_configuration.#": "1",
                            "settings.0.backup_configuration.0.binary_log_enabled": "false",
                            "settings.0.backup_configuration.0.enabled": "false",
                            "settings.0.backup_configuration.0.start_time": "02:00",
                            "settings.0.crash_safe_replication": "false",
                            "settings.0.database_flags.#": "0",
                            "settings.0.disk_autoresize": "true",
                            "settings.0.disk_size": "10",
                            "settings.0.disk_type": "PD_SSD",
                            "settings.0.ip_configuration.#": "1",
                            "settings.0.ip_configuration.0.authorized_networks.#": "0",
                            "settings.0.ip_configuration.0.ipv4_enabled": "true",
                            "settings.0.ip_configuration.0.require_ssl": "false",
                            "settings.0.location_preference.#": "0",
                            "settings.0.maintenance_window.#": "0",
                            "settings.0.pricing_plan": "PER_USE",
                            "settings.0.replication_type": "SYNCHRONOUS",
                            "settings.0.tier": "db-f1-micro",
                            "settings.0.version": "1"
                        },
                        "meta": {
                            "e2bfb730-ecaa-11e6-8f88-34363bc7c4c0": {
                                "create": 600000000000,
                                "delete": 600000000000,
                                "update": 600000000000
                            }
                        },
                        "tainted": false
                    },
                    "deposed": [],
                    "provider": "provider.google"
                },
                "google_sql_database_instance.us": {
                    "type": "google_sql_database_instance",
                    "depends_on": [],
                    "primary": {
                        "id": "autocomplete-us",
                        "attributes": {
                            "connection_name": "numeric-camp-205505:us-central1:autocomplete-us",
                            "database_version": "POSTGRES_9_6",
                            "first_ip_address": "35.193.188.153",
                            "id": "autocomplete-us",
                            "ip_address.#": "1",
                            "ip_address.0.ip_address": "35.193.188.153",
                            "ip_address.0.time_to_retire": "",
                            "master_instance_name": "",
                            "name": "autocomplete-us",
                            "project": "numeric-camp-205505",
                            "region": "us-central1",
                            "replica_configuration.#": "0",
                            "self_link": "https://www.googleapis.com/sql/v1beta4/projects/numeric-camp-205505/instances/autocomplete-us",
                            "server_ca_cert.#": "1",
                            "server_ca_cert.0.cert": "-----BEGIN CERTIFICATE-----\nMIIDITCCAgmgAwIBAgIBADANBgkqhkiG9w0BAQsFADBIMSMwIQYDVQQDExpHb29n\nbGUgQ2xvdWQgU1FMIFNlcnZlciBDQTEUMBIGA1UEChMLR29vZ2xlLCBJbmMxCzAJ\nBgNVBAYTAlVTMB4XDTE4MDUyODE5Mjk0N1oXDTI4MDUyNTE5MzA0N1owSDEjMCEG\nA1UEAxMaR29vZ2xlIENsb3VkIFNRTCBTZXJ2ZXIgQ0ExFDASBgNVBAoTC0dvb2ds\nZSwgSW5jMQswCQYDVQQGEwJVUzCCASIwDQYJKoZIhvcNAQEBBQADggEPADCCAQoC\nggEBAIl6uVCj49BcW5IgQgMlnIONmuXiyL4PanEi5trPXSMY3Q9JKuwKeK3qUKys\nHvjvVp4j1QXuKJoZZmtgYHsKZT7JGkxROCB9d6pHBTZuEEMCVG/bBImgXGsXVhSY\nCupkJmNGHlzaagB5HfD6uTjdj6k/Wxq0MJwx/I4ouZjdV2hEV36O9RbivEwt15/F\nAcEC1GLsHcRqVz0+24ZPw8qMj13aBlbT+iJFujcNyQAqhp9nKbzzUuNikfD6aJNC\nK5BYri1ozPwju1+fiFGaV4g2gFCuzJAuDEJASW2Qm/RRSHSHFq/HzqTDiT/YWtd+\nv6yBUrOnyyqyXjpgrBWZqxSRcPsCAwEAAaMWMBQwEgYDVR0TAQH/BAgwBgEB/wIB\nADANBgkqhkiG9w0BAQsFAAOCAQEAFw8czQT1952DTDZkVXAnDAywmc9tuXg9l3aO\n/ayRAGLR4Fy7p2nMOsc/C5aTzlht/sLFlG6bBFKkjIPaRBJlMVYRRt5NXJHdkzMU\nzMGQ+XxO44bUTINMRhHn1efoLdw4K/V7eKKAxfA4bO2erYbuqRwoog5pYZsyL58d\nOnQEZHpQUhRBNybJEuhT8QbrCqVhFv5UU99NXtw+EwMp/bO6vYviSL+lCByFcr3w\nOvbxufLjI6vVdEWPaQmogokOOPKZXKa/jNcsNIMe3KOhlO7OffYDzfKkbw+VsowD\nzU/I4g2Q3nk6MFeTUEa3biS0eVdqCRYMu5aL0Jf1iDEuR5IjjQ==\n-----END CERTIFICATE-----",
                            "server_ca_cert.0.common_name": "C=US,O=Google\\, Inc,CN=Google Cloud SQL Server CA",
                            "server_ca_cert.0.create_time": "2018-05-28T19:29:47.245Z",
                            "server_ca_cert.0.expiration_time": "2028-05-25T19:30:47.245Z",
                            "server_ca_cert.0.sha1_fingerprint": "8157b454a43165fa6c9cc1f50940eb3eb062dd1d",
                            "settings.#": "1",
                            "settings.0.activation_policy": "ALWAYS",
                            "settings.0.authorized_gae_applications.#": "0",
                            "settings.0.availability_type": "",
                            "settings.0.backup_configuration.#": "1",
                            "settings.0.backup_configuration.0.binary_log_enabled": "false",
                            "settings.0.backup_configuration.0.enabled": "false",
                            "settings.0.backup_configuration.0.start_time": "09:00",
                            "settings.0.crash_safe_replication": "false",
                            "settings.0.database_flags.#": "0",
                            "settings.0.disk_autoresize": "true",
                            "settings.0.disk_size": "10",
                            "settings.0.disk_type": "PD_SSD",
                            "settings.0.ip_configuration.#": "1",
                            "settings.0.ip_configuration.0.authorized_networks.#": "0",
                            "settings.0.ip_configuration.0.ipv4_enabled": "true",
                            "settings.0.ip_configuration.0.require_ssl": "false",
                            "settings.0.location_preference.#": "0",
                            "settings.0.maintenance_window.#": "0",
                            "settings.0.pricing_plan": "PER_USE",
                            "settings.0.replication_type": "SYNCHRONOUS",
                            "settings.0.tier": "db-f1-micro",
                            "settings.0.version": "1"
                        },
                        "meta": {
                            "e2bfb730-ecaa-11e6-8f88-34363bc7c4c0": {
                                "create": 600000000000,
                                "delete": 600000000000,
                                "update": 600000000000
                            }
                        },
                        "tainted": false
                    },
                    "deposed": [],
                    "provider": "provider.google"
                }
            },
            "depends_on": []
        }
    ]
}
